<?xml version="1.0" encoding="UTF-8"?>
<Scheme
   version = "1.3">
   <BuildAction>
      <BuildActionEntries>
         <BuildActionEntry
            buildForRunning = "YES">
            <BuildableReference
               BuildableIdentifier = "primary"
               BlueprintIdentifier = "86AFD50025B6E51C00BC31DA"
               BuildableName = "exercise8PART1.app"
               BlueprintName = "exercise8PART1"
               ReferencedContainer = "container:exercise8PART1.xcodeproj">
            </BuildableReference>
         </BuildActionEntry>
      </BuildActionEntries>
   </BuildAction>
   <LaunchAction
      useCustomWorkingDirectory = "NO"
      buildConfiguration = "Debug"
      allowLocationSimulation = "YES">
      <BuildableProductRunnable>
         <BuildableReference
            BuildableIdentifier = "primary"
            BlueprintIdentifier = "86AFD50025B6E51C00BC31DA"
            BuildableName = "exercise8PART1.app"
            BlueprintName = "exercise8PART1"
            ReferencedContainer = "container:exercise8PART1.xcodeproj">
         </BuildableReference>
      </BuildableProductRunnable>
   </LaunchAction>
</Scheme>
